
Microsoft Visual Studio Solution File, Format Version 12.00
# Visual Studio Version 16
VisualStudioVersion = 16.0.29519.87
MinimumVisualStudioVersion = 10.0.40219.1
Project("{FAE04EC0-301F-11D3-BF4B-00C04F79EFBC}") = "ConsoleApp1", "ConsoleApp1\ConsoleApp1.csproj", "{A01B6D95-67E3-4CC8-9F66-CA9983416776}"
EndProject
Project("{FAE04EC0-301F-11D3-BF4B-00C04F79EFBC}") = "CNCLib", "..\CNC Library\CNCLib.csproj", "{E0B421B3-C2B0-4132-893E-C66376132BE7}"
EndProject
Project("{FAE04EC0-301F-11D3-BF4B-00C04F79EFBC}") = "CNCLibTests", "..\CNCLibTests\CNCLibTests.csproj", "{F0EE5DB9-597B-415D-8E18-54FB8BE0C1CC}"
EndProject
Project("{FAE04EC0-301F-11D3-BF4B-00C04F79EFBC}") = "DataLib", "..\DataLib\DataLib.csproj", "{0C6FA665-A531-4163-A318-5FA4F5A65E0F}"
EndProject
Project("{FAE04EC0-301F-11D3-BF4B-00C04F79EFBC}") = "DataLibTests", "..\DataLibTests\DataLibTests.csproj", "{A3E40289-3C9E-465B-AE6E-7C9BBF6F5790}"
EndProject
Project("{FAE04EC0-301F-11D3-BF4B-00C04F79EFBC}") = "FileIOLib", "..\File IO Library\FileIO\FileIOLib.csproj", "{16378D09-19AA-45E1-B27C-3FBF6C33D19D}"
EndProject
Project("{FAE04EC0-301F-11D3-BF4B-00C04F79EFBC}") = "FileIOLibTests", "..\FileIOLibTests\FileIOLibTests.csproj", "{F89E39FC-27B9-4745-A6E2-1E3A424852DB}"
EndProject
Project("{FAE04EC0-301F-11D3-BF4B-00C04F79EFBC}") = "GeometryLib", "..\GeometryLib\GeometryLib.csproj", "{9AD06540-598D-4C01-AB09-4E68CA4FAD28}"
EndProject
Project("{FAE04EC0-301F-11D3-BF4B-00C04F79EFBC}") = "GeometryLibTests", "..\GeomtryLibTests\GeometryLibTests.csproj", "{23AE0BF7-33E2-451D-A8B0-C7E505F33813}"
EndProject
Project("{FAE04EC0-301F-11D3-BF4B-00C04F79EFBC}") = "ICNCLib", "..\ICncLib\ICNCLib.csproj", "{F0A13216-3122-4E25-BE0A-DCFBB7891CAE}"
EndProject
Project("{FAE04EC0-301F-11D3-BF4B-00C04F79EFBC}") = "IDataLib", "..\IDataLib\IDataLib.csproj", "{BD495BA7-4283-4C47-A3E9-1D2633ACB95F}"
EndProject
Project("{FAE04EC0-301F-11D3-BF4B-00C04F79EFBC}") = "IFileIOLib", "..\IFileIOLib\IFileIOLib.csproj", "{8BD2F33D-9B5B-4EA4-83B2-63085448C8EF}"
EndProject
Project("{FAE04EC0-301F-11D3-BF4B-00C04F79EFBC}") = "IGeometryLib", "..\IGeometryLib\IGeometryLib.csproj", "{23FFCFF1-A208-47D2-8349-472B915BF07A}"
EndProject
Global
	GlobalSection(SolutionConfigurationPlatforms) = preSolution
		Debug|Any CPU = Debug|Any CPU
		Debug|x64 = Debug|x64
		Debug|x86 = Debug|x86
		Release|Any CPU = Release|Any CPU
		Release|x64 = Release|x64
		Release|x86 = Release|x86
	EndGlobalSection
	GlobalSection(ProjectConfigurationPlatforms) = postSolution
		{A01B6D95-67E3-4CC8-9F66-CA9983416776}.Debug|Any CPU.ActiveCfg = Debug|Any CPU
		{A01B6D95-67E3-4CC8-9F66-CA9983416776}.Debug|Any CPU.Build.0 = Debug|Any CPU
		{A01B6D95-67E3-4CC8-9F66-CA9983416776}.Debug|x64.ActiveCfg = Debug|Any CPU
		{A01B6D95-67E3-4CC8-9F66-CA9983416776}.Debug|x64.Build.0 = Debug|Any CPU
		{A01B6D95-67E3-4CC8-9F66-CA9983416776}.Debug|x86.ActiveCfg = Debug|Any CPU
		{A01B6D95-67E3-4CC8-9F66-CA9983416776}.Debug|x86.Build.0 = Debug|Any CPU
		{A01B6D95-67E3-4CC8-9F66-CA9983416776}.Release|Any CPU.ActiveCfg = Release|Any CPU
		{A01B6D95-67E3-4CC8-9F66-CA9983416776}.Release|Any CPU.Build.0 = Release|Any CPU
		{A01B6D95-67E3-4CC8-9F66-CA9983416776}.Release|x64.ActiveCfg = Release|Any CPU
		{A01B6D95-67E3-4CC8-9F66-CA9983416776}.Release|x64.Build.0 = Release|Any CPU
		{A01B6D95-67E3-4CC8-9F66-CA9983416776}.Release|x86.ActiveCfg = Release|Any CPU
		{A01B6D95-67E3-4CC8-9F66-CA9983416776}.Release|x86.Build.0 = Release|Any CPU
		{E0B421B3-C2B0-4132-893E-C66376132BE7}.Debug|Any CPU.ActiveCfg = Debug|Any CPU
		{E0B421B3-C2B0-4132-893E-C66376132BE7}.Debug|Any CPU.Build.0 = Debug|Any CPU
		{E0B421B3-C2B0-4132-893E-C66376132BE7}.Debug|x64.ActiveCfg = Debug|Any CPU
		{E0B421B3-C2B0-4132-893E-C66376132BE7}.Debug|x64.Build.0 = Debug|Any CPU
		{E0B421B3-C2B0-4132-893E-C66376132BE7}.Debug|x86.ActiveCfg = Debug|Any CPU
		{E0B421B3-C2B0-4132-893E-C66376132BE7}.Debug|x86.Build.0 = Debug|Any CPU
		{E0B421B3-C2B0-4132-893E-C66376132BE7}.Release|Any CPU.ActiveCfg = Release|Any CPU
		{E0B421B3-C2B0-4132-893E-C66376132BE7}.Release|Any CPU.Build.0 = Release|Any CPU
		{E0B421B3-C2B0-4132-893E-C66376132BE7}.Release|x64.ActiveCfg = Release|Any CPU
		{E0B421B3-C2B0-4132-893E-C66376132BE7}.Release|x64.Build.0 = Release|Any CPU
		{E0B421B3-C2B0-4132-893E-C66376132BE7}.Release|x86.ActiveCfg = Release|Any CPU
		{E0B421B3-C2B0-4132-893E-C66376132BE7}.Release|x86.Build.0 = Release|Any CPU
		{F0EE5DB9-597B-415D-8E18-54FB8BE0C1CC}.Debug|Any CPU.ActiveCfg = Debug|Any CPU
		{F0EE5DB9-597B-415D-8E18-54FB8BE0C1CC}.Debug|Any CPU.Build.0 = Debug|Any CPU
		{F0EE5DB9-597B-415D-8E18-54FB8BE0C1CC}.Debug|x64.ActiveCfg = Debug|Any CPU
		{F0EE5DB9-597B-415D-8E18-54FB8BE0C1CC}.Debug|x64.Build.0 = Debug|Any CPU
		{F0EE5DB9-597B-415D-8E18-54FB8BE0C1CC}.Debug|x86.ActiveCfg = Debug|Any CPU
		{F0EE5DB9-597B-415D-8E18-54FB8BE0C1CC}.Debug|x86.Build.0 = Debug|Any CPU
		{F0EE5DB9-597B-415D-8E18-54FB8BE0C1CC}.Release|Any CPU.ActiveCfg = Release|Any CPU
		{F0EE5DB9-597B-415D-8E18-54FB8BE0C1CC}.Release|Any CPU.Build.0 = Release|Any CPU
		{F0EE5DB9-597B-415D-8E18-54FB8BE0C1CC}.Release|x64.ActiveCfg = Release|Any CPU
		{F0EE5DB9-597B-415D-8E18-54FB8BE0C1CC}.Release|x64.Build.0 = Release|Any CPU
		{F0EE5DB9-597B-415D-8E18-54FB8BE0C1CC}.Release|x86.ActiveCfg = Release|Any CPU
		{F0EE5DB9-597B-415D-8E18-54FB8BE0C1CC}.Release|x86.Build.0 = Release|Any CPU
		{0C6FA665-A531-4163-A318-5FA4F5A65E0F}.Debug|Any CPU.ActiveCfg = Debug|Any CPU
		{0C6FA665-A531-4163-A318-5FA4F5A65E0F}.Debug|Any CPU.Build.0 = Debug|Any CPU
		{0C6FA665-A531-4163-A318-5FA4F5A65E0F}.Debug|x64.ActiveCfg = Debug|Any CPU
		{0C6FA665-A531-4163-A318-5FA4F5A65E0F}.Debug|x64.Build.0 = Debug|Any CPU
		{0C6FA665-A531-4163-A318-5FA4F5A65E0F}.Debug|x86.ActiveCfg = Debug|Any CPU
		{0C6FA665-A531-4163-A318-5FA4F5A65E0F}.Debug|x86.Build.0 = Debug|Any CPU
		{0C6FA665-A531-4163-A318-5FA4F5A65E0F}.Release|Any CPU.ActiveCfg = Release|Any CPU
		{0C6FA665-A531-4163-A318-5FA4F5A65E0F}.Release|Any CPU.Build.0 = Release|Any CPU
		{0C6FA665-A531-4163-A318-5FA4F5A65E0F}.Release|x64.ActiveCfg = Release|Any CPU
		{0C6FA665-A531-4163-A318-5FA4F5A65E0F}.Release|x64.Build.0 = Release|Any CPU
		{0C6FA665-A531-4163-A318-5FA4F5A65E0F}.Release|x86.ActiveCfg = Release|Any CPU
		{0C6FA665-A531-4163-A318-5FA4F5A65E0F}.Release|x86.Build.0 = Release|Any CPU
		{A3E40289-3C9E-465B-AE6E-7C9BBF6F5790}.Debug|Any CPU.ActiveCfg = Debug|Any CPU
		{A3E40289-3C9E-465B-AE6E-7C9BBF6F5790}.Debug|Any CPU.Build.0 = Debug|Any CPU
		{A3E40289-3C9E-465B-AE6E-7C9BBF6F5790}.Debug|x64.ActiveCfg = Debug|Any CPU
		{A3E40289-3C9E-465B-AE6E-7C9BBF6F5790}.Debug|x64.Build.0 = Debug|Any CPU
		{A3E40289-3C9E-465B-AE6E-7C9BBF6F5790}.Debug|x86.ActiveCfg = Debug|Any CPU
		{A3E40289-3C9E-465B-AE6E-7C9BBF6F5790}.Debug|x86.Build.0 = Debug|Any CPU
		{A3E40289-3C9E-465B-AE6E-7C9BBF6F5790}.Release|Any CPU.ActiveCfg = Release|Any CPU
		{A3E40289-3C9E-465B-AE6E-7C9BBF6F5790}.Release|Any CPU.Build.0 = Release|Any CPU
		{A3E40289-3C9E-465B-AE6E-7C9BBF6F5790}.Release|x64.ActiveCfg = Release|Any CPU
		{A3E40289-3C9E-465B-AE6E-7C9BBF6F5790}.Release|x64.Build.0 = Release|Any CPU
		{A3E40289-3C9E-465B-AE6E-7C9BBF6F5790}.Release|x86.ActiveCfg = Release|Any CPU
		{A3E40289-3C9E-465B-AE6E-7C9BBF6F5790}.Release|x86.Build.0 = Release|Any CPU
		{16378D09-19AA-45E1-B27C-3FBF6C33D19D}.Debug|Any CPU.ActiveCfg = Debug|Any CPU
		{16378D09-19AA-45E1-B27C-3FBF6C33D19D}.Debug|Any CPU.Build.0 = Debug|Any CPU
		{16378D09-19AA-45E1-B27C-3FBF6C33D19D}.Debug|x64.ActiveCfg = Debug|x64
		{16378D09-19AA-45E1-B27C-3FBF6C33D19D}.Debug|x64.Build.0 = Debug|x64
		{16378D09-19AA-45E1-B27C-3FBF6C33D19D}.Debug|x86.ActiveCfg = Debug|x86
		{16378D09-19AA-45E1-B27C-3FBF6C33D19D}.Debug|x86.Build.0 = Debug|x86
		{16378D09-19AA-45E1-B27C-3FBF6C33D19D}.Release|Any CPU.ActiveCfg = Release|Any CPU
		{16378D09-19AA-45E1-B27C-3FBF6C33D19D}.Release|Any CPU.Build.0 = Release|Any CPU
		{16378D09-19AA-45E1-B27C-3FBF6C33D19D}.Release|x64.ActiveCfg = Release|x64
		{16378D09-19AA-45E1-B27C-3FBF6C33D19D}.Release|x64.Build.0 = Release|x64
		{16378D09-19AA-45E1-B27C-3FBF6C33D19D}.Release|x86.ActiveCfg = Release|x86
		{16378D09-19AA-45E1-B27C-3FBF6C33D19D}.Release|x86.Build.0 = Release|x86
		{F89E39FC-27B9-4745-A6E2-1E3A424852DB}.Debug|Any CPU.ActiveCfg = Debug|Any CPU
		{F89E39FC-27B9-4745-A6E2-1E3A424852DB}.Debug|Any CPU.Build.0 = Debug|Any CPU
		{F89E39FC-27B9-4745-A6E2-1E3A424852DB}.Debug|x64.ActiveCfg = Debug|Any CPU
		{F89E39FC-27B9-4745-A6E2-1E3A424852DB}.Debug|x64.Build.0 = Debug|Any CPU
		{F89E39FC-27B9-4745-A6E2-1E3A424852DB}.Debug|x86.ActiveCfg = Debug|Any CPU
		{F89E39FC-27B9-4745-A6E2-1E3A424852DB}.Debug|x86.Build.0 = Debug|Any CPU
		{F89E39FC-27B9-4745-A6E2-1E3A424852DB}.Release|Any CPU.ActiveCfg = Release|Any CPU
		{F89E39FC-27B9-4745-A6E2-1E3A424852DB}.Release|Any CPU.Build.0 = Release|Any CPU
		{F89E39FC-27B9-4745-A6E2-1E3A424852DB}.Release|x64.ActiveCfg = Release|Any CPU
		{F89E39FC-27B9-4745-A6E2-1E3A424852DB}.Release|x64.Build.0 = Release|Any CPU
		{F89E39FC-27B9-4745-A6E2-1E3A424852DB}.Release|x86.ActiveCfg = Release|Any CPU
		{F89E39FC-27B9-4745-A6E2-1E3A424852DB}.Release|x86.Build.0 = Release|Any CPU
		{9AD06540-598D-4C01-AB09-4E68CA4FAD28}.Debug|Any CPU.ActiveCfg = Debug|Any CPU
		{9AD06540-598D-4C01-AB09-4E68CA4FAD28}.Debug|Any CPU.Build.0 = Debug|Any CPU
		{9AD06540-598D-4C01-AB09-4E68CA4FAD28}.Debug|x64.ActiveCfg = Debug|x64
		{9AD06540-598D-4C01-AB09-4E68CA4FAD28}.Debug|x64.Build.0 = Debug|x64
		{9AD06540-598D-4C01-AB09-4E68CA4FAD28}.Debug|x86.ActiveCfg = Debug|x86
		{9AD06540-598D-4C01-AB09-4E68CA4FAD28}.Debug|x86.Build.0 = Debug|x86
		{9AD06540-598D-4C01-AB09-4E68CA4FAD28}.Release|Any CPU.ActiveCfg = Release|Any CPU
		{9AD06540-598D-4C01-AB09-4E68CA4FAD28}.Release|Any CPU.Build.0 = Release|Any CPU
		{9AD06540-598D-4C01-AB09-4E68CA4FAD28}.Release|x64.ActiveCfg = Release|x64
		{9AD06540-598D-4C01-AB09-4E68CA4FAD28}.Release|x64.Build.0 = Release|x64
		{9AD06540-598D-4C01-AB09-4E68CA4FAD28}.Release|x86.ActiveCfg = Release|x86
		{9AD06540-598D-4C01-AB09-4E68CA4FAD28}.Release|x86.Build.0 = Release|x86
		{23AE0BF7-33E2-451D-A8B0-C7E505F33813}.Debug|Any CPU.ActiveCfg = Debug|Any CPU
		{23AE0BF7-33E2-451D-A8B0-C7E505F33813}.Debug|Any CPU.Build.0 = Debug|Any CPU
		{23AE0BF7-33E2-451D-A8B0-C7E505F33813}.Debug|x64.ActiveCfg = Debug|Any CPU
		{23AE0BF7-33E2-451D-A8B0-C7E505F33813}.Debug|x64.Build.0 = Debug|Any CPU
		{23AE0BF7-33E2-451D-A8B0-C7E505F33813}.Debug|x86.ActiveCfg = Debug|Any CPU
		{23AE0BF7-33E2-451D-A8B0-C7E505F33813}.Debug|x86.Build.0 = Debug|Any CPU
		{23AE0BF7-33E2-451D-A8B0-C7E505F33813}.Release|Any CPU.ActiveCfg = Release|Any CPU
		{23AE0BF7-33E2-451D-A8B0-C7E505F33813}.Release|Any CPU.Build.0 = Release|Any CPU
		{23AE0BF7-33E2-451D-A8B0-C7E505F33813}.Release|x64.ActiveCfg = Release|Any CPU
		{23AE0BF7-33E2-451D-A8B0-C7E505F33813}.Release|x64.Build.0 = Release|Any CPU
		{23AE0BF7-33E2-451D-A8B0-C7E505F33813}.Release|x86.ActiveCfg = Release|Any CPU
		{23AE0BF7-33E2-451D-A8B0-C7E505F33813}.Release|x86.Build.0 = Release|Any CPU
		{F0A13216-3122-4E25-BE0A-DCFBB7891CAE}.Debug|Any CPU.ActiveCfg = Debug|Any CPU
		{F0A13216-3122-4E25-BE0A-DCFBB7891CAE}.Debug|Any CPU.Build.0 = Debug|Any CPU
		{F0A13216-3122-4E25-BE0A-DCFBB7891CAE}.Debug|x64.ActiveCfg = Debug|Any CPU
		{F0A13216-3122-4E25-BE0A-DCFBB7891CAE}.Debug|x64.Build.0 = Debug|Any CPU
		{F0A13216-3122-4E25-BE0A-DCFBB7891CAE}.Debug|x86.ActiveCfg = Debug|Any CPU
		{F0A13216-3122-4E25-BE0A-DCFBB7891CAE}.Debug|x86.Build.0 = Debug|Any CPU
		{F0A13216-3122-4E25-BE0A-DCFBB7891CAE}.Release|Any CPU.ActiveCfg = Release|Any CPU
		{F0A13216-3122-4E25-BE0A-DCFBB7891CAE}.Release|Any CPU.Build.0 = Release|Any CPU
		{F0A13216-3122-4E25-BE0A-DCFBB7891CAE}.Release|x64.ActiveCfg = Release|Any CPU
		{F0A13216-3122-4E25-BE0A-DCFBB7891CAE}.Release|x64.Build.0 = Release|Any CPU
		{F0A13216-3122-4E25-BE0A-DCFBB7891CAE}.Release|x86.ActiveCfg = Release|Any CPU
		{F0A13216-3122-4E25-BE0A-DCFBB7891CAE}.Release|x86.Build.0 = Release|Any CPU
		{BD495BA7-4283-4C47-A3E9-1D2633ACB95F}.Debug|Any CPU.ActiveCfg = Debug|Any CPU
		{BD495BA7-4283-4C47-A3E9-1D2633ACB95F}.Debug|Any CPU.Build.0 = Debug|Any CPU
		{BD495BA7-4283-4C47-A3E9-1D2633ACB95F}.Debug|x64.ActiveCfg = Debug|Any CPU
		{BD495BA7-4283-4C47-A3E9-1D2633ACB95F}.Debug|x64.Build.0 = Debug|Any CPU
		{BD495BA7-4283-4C47-A3E9-1D2633ACB95F}.Debug|x86.ActiveCfg = Debug|Any CPU
		{BD495BA7-4283-4C47-A3E9-1D2633ACB95F}.Debug|x86.Build.0 = Debug|Any CPU
		{BD495BA7-4283-4C47-A3E9-1D2633ACB95F}.Release|Any CPU.ActiveCfg = Release|Any CPU
		{BD495BA7-4283-4C47-A3E9-1D2633ACB95F}.Release|Any CPU.Build.0 = Release|Any CPU
		{BD495BA7-4283-4C47-A3E9-1D2633ACB95F}.Release|x64.ActiveCfg = Release|Any CPU
		{BD495BA7-4283-4C47-A3E9-1D2633ACB95F}.Release|x64.Build.0 = Release|Any CPU
		{BD495BA7-4283-4C47-A3E9-1D2633ACB95F}.Release|x86.ActiveCfg = Release|Any CPU
		{BD495BA7-4283-4C47-A3E9-1D2633ACB95F}.Release|x86.Build.0 = Release|Any CPU
		{8BD2F33D-9B5B-4EA4-83B2-63085448C8EF}.Debug|Any CPU.ActiveCfg = Debug|Any CPU
		{8BD2F33D-9B5B-4EA4-83B2-63085448C8EF}.Debug|Any CPU.Build.0 = Debug|Any CPU
		{8BD2F33D-9B5B-4EA4-83B2-63085448C8EF}.Debug|x64.ActiveCfg = Debug|Any CPU
		{8BD2F33D-9B5B-4EA4-83B2-63085448C8EF}.Debug|x64.Build.0 = Debug|Any CPU
		{8BD2F33D-9B5B-4EA4-83B2-63085448C8EF}.Debug|x86.ActiveCfg = Debug|Any CPU
		{8BD2F33D-9B5B-4EA4-83B2-63085448C8EF}.Debug|x86.Build.0 = Debug|Any CPU
		{8BD2F33D-9B5B-4EA4-83B2-63085448C8EF}.Release|Any CPU.ActiveCfg = Release|Any CPU
		{8BD2F33D-9B5B-4EA4-83B2-63085448C8EF}.Release|Any CPU.Build.0 = Release|Any CPU
		{8BD2F33D-9B5B-4EA4-83B2-63085448C8EF}.Release|x64.ActiveCfg = Release|Any CPU
		{8BD2F33D-9B5B-4EA4-83B2-63085448C8EF}.Release|x64.Build.0 = Release|Any CPU
		{8BD2F33D-9B5B-4EA4-83B2-63085448C8EF}.Release|x86.ActiveCfg = Release|Any CPU
		{8BD2F33D-9B5B-4EA4-83B2-63085448C8EF}.Release|x86.Build.0 = Release|Any CPU
		{23FFCFF1-A208-47D2-8349-472B915BF07A}.Debug|Any CPU.ActiveCfg = Debug|Any CPU
		{23FFCFF1-A208-47D2-8349-472B915BF07A}.Debug|Any CPU.Build.0 = Debug|Any CPU
		{23FFCFF1-A208-47D2-8349-472B915BF07A}.Debug|x64.ActiveCfg = Debug|Any CPU
		{23FFCFF1-A208-47D2-8349-472B915BF07A}.Debug|x64.Build.0 = Debug|Any CPU
		{23FFCFF1-A208-47D2-8349-472B915BF07A}.Debug|x86.ActiveCfg = Debug|Any CPU
		{23FFCFF1-A208-47D2-8349-472B915BF07A}.Debug|x86.Build.0 = Debug|Any CPU
		{23FFCFF1-A208-47D2-8349-472B915BF07A}.Release|Any CPU.ActiveCfg = Release|Any CPU
		{23FFCFF1-A208-47D2-8349-472B915BF07A}.Release|Any CPU.Build.0 = Release|Any CPU
		{23FFCFF1-A208-47D2-8349-472B915BF07A}.Release|x64.ActiveCfg = Release|Any CPU
		{23FFCFF1-A208-47D2-8349-472B915BF07A}.Release|x64.Build.0 = Release|Any CPU
		{23FFCFF1-A208-47D2-8349-472B915BF07A}.Release|x86.ActiveCfg = Release|Any CPU
		{23FFCFF1-A208-47D2-8349-472B915BF07A}.Release|x86.Build.0 = Release|Any CPU
	EndGlobalSection
	GlobalSection(SolutionProperties) = preSolution
		HideSolutionNode = FALSE
	EndGlobalSection
	GlobalSection(ExtensibilityGlobals) = postSolution
		SolutionGuid = {728886E9-252D-4710-9C5E-1F8E7FC09208}
	EndGlobalSection
EndGlobal
